
Microsoft Visual Studio Solution File, Format Version 12.00
# Visual Studio Version 17
VisualStudioVersion = 17.8.34316.72
MinimumVisualStudioVersion = 10.0.40219.1
Project("{FAE04EC0-301F-11D3-BF4B-00C04F79EFBC}") = "ms", "ms.csproj", "{640DCFB5-3A2B-41E8-B991-ECF614A2F272}"
EndProject
Global
	GlobalSection(SolutionConfigurationPlatforms) = preSolution
		Debug|Any CPU = Debug|Any CPU
		Release|Any CPU = Release|Any CPU
	EndGlobalSection
	GlobalSection(ProjectConfigurationPlatforms) = postSolution
		{640DCFB5-3A2B-41E8-B991-ECF614A2F272}.Debug|Any CPU.ActiveCfg = Debug|Any CPU
		{640DCFB5-3A2B-41E8-B991-ECF614A2F272}.Debug|Any CPU.Build.0 = Debug|Any CPU
		{640DCFB5-3A2B-41E8-B991-ECF614A2F272}.Release|Any CPU.ActiveCfg = Release|Any CPU
		{640DCFB5-3A2B-41E8-B991-ECF614A2F272}.Release|Any CPU.Build.0 = Release|Any CPU
	EndGlobalSection
	GlobalSection(SolutionProperties) = preSolution
		HideSolutionNode = FALSE
	EndGlobalSection
	GlobalSection(ExtensibilityGlobals) = postSolution
		SolutionGuid = {76BAE105-76F7-4DAB-8EF7-E8021D891AB5}
	EndGlobalSection
EndGlobal
